
Microsoft Visual Studio Solution File, Format Version 12.00
# Visual Studio Version 16
VisualStudioVersion = 16.0.32413.511
MinimumVisualStudioVersion = 10.0.40219.1
Project("{FAE04EC0-301F-11D3-BF4B-00C04F79EFBC}") = "Chatting_Server", "Chatting_Server.csproj", "{AEFB7464-DDE3-48E5-B1C1-1043682502CC}"
EndProject
Global
	GlobalSection(SolutionConfigurationPlatforms) = preSolution
		Debug|Any CPU = Debug|Any CPU
		Release|Any CPU = Release|Any CPU
	EndGlobalSection
	GlobalSection(ProjectConfigurationPlatforms) = postSolution
		{AEFB7464-DDE3-48E5-B1C1-1043682502CC}.Debug|Any CPU.ActiveCfg = Debug|Any CPU
		{AEFB7464-DDE3-48E5-B1C1-1043682502CC}.Debug|Any CPU.Build.0 = Debug|Any CPU
		{AEFB7464-DDE3-48E5-B1C1-1043682502CC}.Release|Any CPU.ActiveCfg = Release|Any CPU
		{AEFB7464-DDE3-48E5-B1C1-1043682502CC}.Release|Any CPU.Build.0 = Release|Any CPU
	EndGlobalSection
	GlobalSection(SolutionProperties) = preSolution
		HideSolutionNode = FALSE
	EndGlobalSection
	GlobalSection(ExtensibilityGlobals) = postSolution
		SolutionGuid = {D50DFC96-5015-484F-B9AB-4D69E5E3989C}
	EndGlobalSection
EndGlobal
